
Microsoft Visual Studio Solution File, Format Version 12.00
# Visual Studio 15
VisualStudioVersion = 15.0.27130.2003
MinimumVisualStudioVersion = 10.0.40219.1
Project("{E24C65DC-7377-472B-9ABA-BC803B73C61A}") = "google", ".", "{13CD919B-7C3F-40A8-B7EF-A5336483350E}"
	ProjectSection(WebsiteProperties) = preProject
		TargetFrameworkMoniker = ".NETFramework,Version%3Dv4.6.1"
		Debug.AspNetCompiler.VirtualPath = "/localhost_52112"
		Debug.AspNetCompiler.PhysicalPath = "..\google\"
		Debug.AspNetCompiler.TargetPath = "PrecompiledWeb\localhost_52112\"
		Debug.AspNetCompiler.Updateable = "true"
		Debug.AspNetCompiler.ForceOverwrite = "true"
		Debug.AspNetCompiler.FixedNames = "false"
		Debug.AspNetCompiler.Debug = "True"
		Release.AspNetCompiler.VirtualPath = "/localhost_52112"
		Release.AspNetCompiler.PhysicalPath = "..\google\"
		Release.AspNetCompiler.TargetPath = "PrecompiledWeb\localhost_52112\"
		Release.AspNetCompiler.Updateable = "true"
		Release.AspNetCompiler.ForceOverwrite = "true"
		Release.AspNetCompiler.FixedNames = "false"
		Release.AspNetCompiler.Debug = "False"
		VWDPort = "52112"
		SlnRelativePath = "..\google\"
		DefaultWebSiteLanguage = "Visual C#"
	EndProjectSection
EndProject
Global
	GlobalSection(SolutionConfigurationPlatforms) = preSolution
		Debug|Any CPU = Debug|Any CPU
	EndGlobalSection
	GlobalSection(ProjectConfigurationPlatforms) = postSolution
		{13CD919B-7C3F-40A8-B7EF-A5336483350E}.Debug|Any CPU.ActiveCfg = Debug|Any CPU
		{13CD919B-7C3F-40A8-B7EF-A5336483350E}.Debug|Any CPU.Build.0 = Debug|Any CPU
	EndGlobalSection
	GlobalSection(SolutionProperties) = preSolution
		HideSolutionNode = FALSE
	EndGlobalSection
	GlobalSection(ExtensibilityGlobals) = postSolution
		SolutionGuid = {21B0D525-A3B2-4290-A8D5-957B540F21CD}
	EndGlobalSection
EndGlobal
